
Microsoft Visual Studio Solution File, Format Version 12.00
# Visual Studio Version 16
VisualStudioVersion = 16.0.29920.165
MinimumVisualStudioVersion = 10.0.40219.1
Project("{9A19103F-16F7-4668-BE54-9A1E7A4F7556}") = "MovieRecommender", "MovieRecommender\MovieRecommender.csproj", "{C14732BA-57F2-4569-B602-478C27769100}"
EndProject
Project("{9A19103F-16F7-4668-BE54-9A1E7A4F7556}") = "RestApi", "RestApi\RestApi.csproj", "{EF59E3F1-DB72-4969-BED4-AE9174A3E348}"
EndProject
Project("{FAE04EC0-301F-11D3-BF4B-00C04F79EFBC}") = "MovieDatabase", "MovieDatabase\MovieDatabase.csproj", "{5F4212CA-6B65-4271-87A0-86CB1E4924ED}"
EndProject
Global
	GlobalSection(SolutionConfigurationPlatforms) = preSolution
		Debug|Any CPU = Debug|Any CPU
		Release|Any CPU = Release|Any CPU
	EndGlobalSection
	GlobalSection(ProjectConfigurationPlatforms) = postSolution
		{C14732BA-57F2-4569-B602-478C27769100}.Debug|Any CPU.ActiveCfg = Debug|Any CPU
		{C14732BA-57F2-4569-B602-478C27769100}.Debug|Any CPU.Build.0 = Debug|Any CPU
		{C14732BA-57F2-4569-B602-478C27769100}.Release|Any CPU.ActiveCfg = Release|Any CPU
		{C14732BA-57F2-4569-B602-478C27769100}.Release|Any CPU.Build.0 = Release|Any CPU
		{EF59E3F1-DB72-4969-BED4-AE9174A3E348}.Debug|Any CPU.ActiveCfg = Debug|Any CPU
		{EF59E3F1-DB72-4969-BED4-AE9174A3E348}.Debug|Any CPU.Build.0 = Debug|Any CPU
		{EF59E3F1-DB72-4969-BED4-AE9174A3E348}.Release|Any CPU.ActiveCfg = Release|Any CPU
		{EF59E3F1-DB72-4969-BED4-AE9174A3E348}.Release|Any CPU.Build.0 = Release|Any CPU
		{5F4212CA-6B65-4271-87A0-86CB1E4924ED}.Debug|Any CPU.ActiveCfg = Debug|Any CPU
		{5F4212CA-6B65-4271-87A0-86CB1E4924ED}.Debug|Any CPU.Build.0 = Debug|Any CPU
		{5F4212CA-6B65-4271-87A0-86CB1E4924ED}.Release|Any CPU.ActiveCfg = Release|Any CPU
		{5F4212CA-6B65-4271-87A0-86CB1E4924ED}.Release|Any CPU.Build.0 = Release|Any CPU
	EndGlobalSection
	GlobalSection(SolutionProperties) = preSolution
		HideSolutionNode = FALSE
	EndGlobalSection
	GlobalSection(ExtensibilityGlobals) = postSolution
		SolutionGuid = {43490C85-3CA2-4305-AD39-750F833D1BAE}
	EndGlobalSection
EndGlobal
